{
  "name": "ifc-ecs-viewer-sidecar",
  "version": "1.0.0",
  "lockfileVersion": 3,
  "requires": true,
  "packages": {
    "": {
      "name": "ifc-ecs-viewer-sidecar",
      "version": "1.0.0",
      "dependencies": {
        "@ifc-lite/viewer-core": "^0.2.12"
      }
    },
    "node_modules/@ifc-lite/bcf": {
      "version": "1.18.1",
      "resolved": "https://registry.npmjs.org/@ifc-lite/bcf/-/bcf-1.18.1.tgz",
      "integrity": "sha512-O2G5BtMAZnukae9Sw7MBaOVIa49O5otwQdsxPIjvMGeTx0Ld4rXVSMRI6AvmEwt5dNkqL2L4UjtfQc0vZ+sJuw==",
      "license": "MPL-2.0",
      "dependencies": {
        "@ifc-lite/encoding": "^2.0.0",
        "jszip": "^3.10.0"
      }
    },
    "node_modules/@ifc-lite/clash": {
      "version": "1.6.7",
      "resolved": "https://registry.npmjs.org/@ifc-lite/clash/-/clash-1.6.7.tgz",
      "integrity": "sha512-5LY1h+VxH/V7NQzUASKrN5oFiNkUzCTdSiEXMp3/g3XnDF2m4yRmO3EFz7Q3w3Ln20xxu7I0sMlKHP6LnXxKQg==",
      "license": "MPL-2.0",
      "dependencies": {
        "@ifc-lite/bcf": "^1.18.1",
        "@ifc-lite/geometry": "^3.8.2",
        "@ifc-lite/ifcx": "^2.3.5",
        "@ifc-lite/parser": "^4.0.3",
        "@ifc-lite/query": "^1.14.16",
        "@ifc-lite/spatial": "^1.14.13",
        "@ifc-lite/wasm": "^4.5.1"
      }
    },
    "node_modules/@ifc-lite/create": {
      "version": "2.1.0",
      "resolved": "https://registry.npmjs.org/@ifc-lite/create/-/create-2.1.0.tgz",
      "integrity": "sha512-z+WEsqRKYTHmmctH52GOhTqNcXhahHqah3VZxNYEUyf43OQug3+9qi2LdYVMcxD+OOAJCzr1Ip3+QXRMacf58Q==",
      "license": "MPL-2.0",
      "dependencies": {
        "@ifc-lite/encoding": "^2.0.0",
        "@ifc-lite/mutations": "^1.26.0",
        "@ifc-lite/parser": "^4.0.3"
      }
    },
    "node_modules/@ifc-lite/data": {
      "version": "3.3.0",
      "resolved": "https://registry.npmjs.org/@ifc-lite/data/-/data-3.3.0.tgz",
      "integrity": "sha512-z5mkRdWH77r3evOjsgqQon0C7PoZpG/1CYgCA32Vctlm2sShuD4ac1oKiiPaTmm/2gDLBaRq7AP8ObAfxULZlQ==",
      "license": "MPL-2.0",
      "dependencies": {
        "@ifc-lite/encoding": "^2.0.0"
      }
    },
    "node_modules/@ifc-lite/drawing-2d": {
      "version": "1.21.1",
      "resolved": "https://registry.npmjs.org/@ifc-lite/drawing-2d/-/drawing-2d-1.21.1.tgz",
      "integrity": "sha512-vQUQ7apY8FgZkWxP9HHQ0y1cmkqNRRkZCIyYWCQulMyKyXEYl6iPT6VJSRD1WttKmTnkq6nk8p+IW8J7CHMeMA==",
      "license": "MPL-2.0",
      "dependencies": {
        "@ifc-lite/geometry": "^3.7.1"
      }
    },
    "node_modules/@ifc-lite/encoding": {
      "version": "2.0.0",
      "resolved": "https://registry.npmjs.org/@ifc-lite/encoding/-/encoding-2.0.0.tgz",
      "integrity": "sha512-ATWnyS1IW/DNtnLBw65jpgDrd07MeOSPOz2J/B6QTV+uCFffZufg85/gfaTR7pcKJZPwqhtfEscQmvKT//a+cQ==",
      "license": "MPL-2.0"
    },
    "node_modules/@ifc-lite/export": {
      "version": "2.9.1",
      "resolved": "https://registry.npmjs.org/@ifc-lite/export/-/export-2.9.1.tgz",
      "integrity": "sha512-pgNlTQmJdWQdj9wYmtqmpFD/eP7MSWIb73KBX8pXoh4TRmNwD3twbdeg/pgkmbvuQ1/L5Y4aKTJ8bDSz/GdjOQ==",
      "license": "MPL-2.0",
      "dependencies": {
        "@ifc-lite/data": "^3.3.0",
        "@ifc-lite/encoding": "^2.0.0",
        "@ifc-lite/geometry": "^3.8.2",
        "@ifc-lite/mutations": "^1.26.0",
        "@ifc-lite/parser": "^4.0.3",
        "apache-arrow": "^21.2.0",
        "jszip": "^3.10.0",
        "parquet-wasm": "^0.7.2"
      }
    },
    "node_modules/@ifc-lite/geometry": {
      "version": "3.8.2",
      "resolved": "https://registry.npmjs.org/@ifc-lite/geometry/-/geometry-3.8.2.tgz",
      "integrity": "sha512-TJJ/ZWtGP4SxKS1kE81j6UelLgmVH6Y91wtjf2XpamCi1lA8hhbgHB/YxR8UGY0/MS09aXtFsK+fZ82lgRergA==",
      "license": "MPL-2.0",
      "dependencies": {
        "@ifc-lite/data": "^3.3.0",
        "@ifc-lite/wasm": "^4.5.1"
      },
      "optionalDependencies": {
        "@tauri-apps/api": "^2.11.1"
      }
    },
    "node_modules/@ifc-lite/ids": {
      "version": "1.15.46",
      "resolved": "https://registry.npmjs.org/@ifc-lite/ids/-/ids-1.15.46.tgz",
      "integrity": "sha512-LoYZ4LGQXOd7GLShM1TWLwC1/RFeQJRI7IpgWWDzER2Qoiy571T5vG5x0n7kkURUSKf5TbfnUAwcp7W5oy5aLg==",
      "license": "MPL-2.0",
      "dependencies": {
        "@ifc-lite/data": "3.3.0",
        "@ifc-lite/parser": "4.0.3",
        "@xmldom/xmldom": "^0.9.10"
      }
    },
    "node_modules/@ifc-lite/ifcx": {
      "version": "2.3.5",
      "resolved": "https://registry.npmjs.org/@ifc-lite/ifcx/-/ifcx-2.3.5.tgz",
      "integrity": "sha512-SeAoCe9EcUMOAkqg+X4zozN/MjRA77KkJW2cCRvcWH6G6SjXpzIjLZwiFHU6DN9N+rGO5xHsEwbUxvyn4mJT7g==",
      "license": "MPL-2.0",
      "dependencies": {
        "@ifc-lite/data": "^3.3.0",
        "@ifc-lite/mutations": "^1.26.0",
        "@ifc-lite/pointcloud": "^0.6.1",
        "@noble/hashes": "^2.2.0"
      }
    },
    "node_modules/@ifc-lite/lens": {
      "version": "1.17.3",
      "resolved": "https://registry.npmjs.org/@ifc-lite/lens/-/lens-1.17.3.tgz",
      "integrity": "sha512-60qxzN1NfrdWLpGZcYl9ffavIdLFiAmZ3xQT5V4GOf4VS/V/L7sXMDRck7Czrr/5avtn9YhFt24YH8uQSeXYvg==",
      "license": "MPL-2.0"
    },
    "node_modules/@ifc-lite/lists": {
      "version": "1.23.1",
      "resolved": "https://registry.npmjs.org/@ifc-lite/lists/-/lists-1.23.1.tgz",
      "integrity": "sha512-RBWlUDm9BCegu/xGp+pbe+CcxbtDTuLY1Q0SCtg71yNnH323907jFchv4rVB107qmj8QEP9K6ndA9rBTxTBlJw==",
      "license": "MPL-2.0",
      "dependencies": {
        "@ifc-lite/data": "3.3.0",
        "@ifc-lite/encoding": "2.0.0"
      }
    },
    "node_modules/@ifc-lite/mutations": {
      "version": "1.26.0",
      "resolved": "https://registry.npmjs.org/@ifc-lite/mutations/-/mutations-1.26.0.tgz",
      "integrity": "sha512-EIEs/E99Z9QpC4Do4xrhFpXBXaXVlOh4mw6f06JhIKh+v2mJ80xTmw44NNbA6GugZc2J0yd2CPAil3x3coFPtA==",
      "license": "MPL-2.0",
      "dependencies": {
        "@ifc-lite/data": "^3.3.0",
        "@noble/hashes": "^2.2.0"
      }
    },
    "node_modules/@ifc-lite/parser": {
      "version": "4.0.3",
      "resolved": "https://registry.npmjs.org/@ifc-lite/parser/-/parser-4.0.3.tgz",
      "integrity": "sha512-REjQNK31xRK/OyAKNxaIfbWa9os5qTpMbZnl3j5gOpVx97PKUnNWURSjR3sy4CgkourZCmhCClk2nelM7uXf1g==",
      "license": "MPL-2.0",
      "dependencies": {
        "@ifc-lite/data": "^3.3.0",
        "@ifc-lite/encoding": "^2.0.0",
        "@ifc-lite/ifcx": "^2.3.5",
        "@ifc-lite/wasm": "^4.5.1",
        "fflate": "^0.8.3",
        "jszip": "^3.10.0"
      }
    },
    "node_modules/@ifc-lite/pointcloud": {
      "version": "0.6.1",
      "resolved": "https://registry.npmjs.org/@ifc-lite/pointcloud/-/pointcloud-0.6.1.tgz",
      "integrity": "sha512-KsXuFDY4DKCncw0CAYQIojxW+eonOfBnfVEetjd525+vB4v4sLDPfUaOL32jLFTEvBUQPzNseYfFbEp2IXoxlw==",
      "license": "MPL-2.0",
      "dependencies": {
        "laz-perf": "^0.0.7"
      }
    },
    "node_modules/@ifc-lite/query": {
      "version": "1.14.16",
      "resolved": "https://registry.npmjs.org/@ifc-lite/query/-/query-1.14.16.tgz",
      "integrity": "sha512-4U29kURbt8MsvNLEwRkYdY4jy1iWdiTGcOHfSHqhwR2ue4itozq1ckucZrGdDhNjL+eq+VWygcIsLZIoK1+kuw==",
      "license": "MPL-2.0",
      "dependencies": {
        "@ifc-lite/data": "^3.2.2",
        "@ifc-lite/geometry": "^3.7.1",
        "@ifc-lite/parser": "^4.0.0",
        "@ifc-lite/spatial": "^1.14.13"
      }
    },
    "node_modules/@ifc-lite/sdk": {
      "version": "2.1.1",
      "resolved": "https://registry.npmjs.org/@ifc-lite/sdk/-/sdk-2.1.1.tgz",
      "integrity": "sha512-wdnx29V8UuIRqWb/V3Npcp0Bhr0tHrbP1BJnq5mDOeYxSVhWNy37G3RE3pYmUps+ZuQ3k8UCNJvu5apf65F4KA==",
      "license": "MPL-2.0",
      "dependencies": {
        "@ifc-lite/bcf": "^1.18.1",
        "@ifc-lite/clash": "^1.6.5",
        "@ifc-lite/create": "^2.0.3",
        "@ifc-lite/data": "^3.2.4",
        "@ifc-lite/drawing-2d": "^1.21.1",
        "@ifc-lite/encoding": "^2.0.0",
        "@ifc-lite/export": "^2.8.5",
        "@ifc-lite/ids": "^1.15.44",
        "@ifc-lite/lens": "^1.17.3",
        "@ifc-lite/lists": "^1.23.0",
        "@ifc-lite/mutations": "^1.25.0",
        "@ifc-lite/parser": "^4.0.2",
        "@ifc-lite/query": "^1.14.16",
        "@ifc-lite/spatial": "^1.14.13"
      }
    },
    "node_modules/@ifc-lite/spatial": {
      "version": "1.14.13",
      "resolved": "https://registry.npmjs.org/@ifc-lite/spatial/-/spatial-1.14.13.tgz",
      "integrity": "sha512-45602hI2yLq6B1B4Qvkvwzx+cRSeyTi6MYevitguk/qEWmTccYscdlLpsmhJrdaMb6oWo4MYD157n886qAFNzA==",
      "license": "MPL-2.0",
      "dependencies": {
        "@ifc-lite/geometry": "^3.7.1"
      }
    },
    "node_modules/@ifc-lite/viewer-core": {
      "version": "0.2.12",
      "resolved": "https://registry.npmjs.org/@ifc-lite/viewer-core/-/viewer-core-0.2.12.tgz",
      "integrity": "sha512-X4iTzhZ3rnp1y+H/svD8rxhkTjB2tjushqil8SXluLUh7A4ZelRbMF3BpBYe/0LH2H4dE5EXKqDxuxsR1xQZvA==",
      "license": "MPL-2.0",
      "dependencies": {
        "@ifc-lite/create": "^2.0.2",
        "@ifc-lite/sdk": "^2.0.3",
        "@ifc-lite/wasm": "^4.3.1"
      },
      "engines": {
        "node": ">=18.0.0"
      }
    },
    "node_modules/@ifc-lite/wasm": {
      "version": "4.5.1",
      "resolved": "https://registry.npmjs.org/@ifc-lite/wasm/-/wasm-4.5.1.tgz",
      "integrity": "sha512-HvXIoawTmPTTGOVYNJdh9MEeKMvBDIfsKe7WzMyps5ShJLZezDYVtOeP+j8HI29FHvniJwMjZV8r+Gnl5L6yQw==",
      "license": "MPL-2.0"
    },
    "node_modules/@noble/hashes": {
      "version": "2.3.0",
      "resolved": "https://registry.npmjs.org/@noble/hashes/-/hashes-2.3.0.tgz",
      "integrity": "sha512-oN+QwyX7VSHotibwubG3kpzbwKrfnyR6OOO+3Nk/53ADL7FmgHHz4TgrbaYKvvOw09u6QTx0oiH1cNCIOuN0CQ==",
      "license": "MIT",
      "engines": {
        "node": ">= 20.19.0"
      },
      "funding": {
        "url": "https://paulmillr.com/funding/"
      }
    },
    "node_modules/@tauri-apps/api": {
      "version": "2.11.1",
      "resolved": "https://registry.npmjs.org/@tauri-apps/api/-/api-2.11.1.tgz",
      "integrity": "sha512-M2FPuYND2m+wh5hfW9ZpSdxMPdEJovPBWwoHJmwUpysTYNHaOkVFN419m/K0LIgjb/7KU2vBgsUepJWugQCvAA==",
      "license": "Apache-2.0 OR MIT",
      "optional": true,
      "funding": {
        "type": "opencollective",
        "url": "https://opencollective.com/tauri"
      }
    },
    "node_modules/@types/node": {
      "version": "25.9.5",
      "resolved": "https://registry.npmjs.org/@types/node/-/node-25.9.5.tgz",
      "integrity": "sha512-OScDchr2fwuUmWdf4kZ9h7PcJiYDVInhJizG/biAq3cAvqwYktuy/TYGGdZNMtNTFUP7rnb0NU4TUdm82kt4Rg==",
      "license": "MIT",
      "dependencies": {
        "undici-types": ">=7.24.0 <7.24.7"
      }
    },
    "node_modules/@xmldom/xmldom": {
      "version": "0.9.11",
      "resolved": "https://registry.npmjs.org/@xmldom/xmldom/-/xmldom-0.9.11.tgz",
      "integrity": "sha512-tW8bcK3hsG0/uqSnNz6TK4BkcuZSezoU7DlnYssILmZDktPnSHHuDJJFM0AJv+13gz2r0iGdrj6qqKeUnxXEDg==",
      "license": "MIT",
      "engines": {
        "node": ">=14.6"
      }
    },
    "node_modules/apache-arrow": {
      "version": "21.2.0",
      "resolved": "https://registry.npmjs.org/apache-arrow/-/apache-arrow-21.2.0.tgz",
      "integrity": "sha512-Hxe6Agq26gQOM954qpzYSllJBPJl+e16U5CkfuMUhLrNba+5nKkttIVlflaovN6oaTratqMGAO8H5u/aNhmHWQ==",
      "license": "Apache-2.0",
      "dependencies": {
        "@types/node": "^25.2.0",
        "flatbuffers": "^25.1.24",
        "json-with-bigint": "^3.5.3",
        "tslib": "^2.6.2"
      },
      "bin": {
        "arrow2csv": "bin/arrow2csv.js"
      }
    },
    "node_modules/core-util-is": {
      "version": "1.0.3",
      "resolved": "https://registry.npmjs.org/core-util-is/-/core-util-is-1.0.3.tgz",
      "integrity": "sha512-ZQBvi1DcpJ4GDqanjucZ2Hj3wEO5pZDS89BWbkcrvdxksJorwUDDZamX9ldFkp9aw2lmBDLgkObEA4DWNJ9FYQ==",
      "license": "MIT"
    },
    "node_modules/fflate": {
      "version": "0.8.3",
      "resolved": "https://registry.npmjs.org/fflate/-/fflate-0.8.3.tgz",
      "integrity": "sha512-tbZNuJrLwGUp3zshBtdy4W+ORxZuIh8a5ilyIEQDC5rY1f3U20JMry0Ll3WBzU58EZKsEuJFXhb5gwv8CsPvgA==",
      "license": "MIT"
    },
    "node_modules/flatbuffers": {
      "version": "25.9.23",
      "resolved": "https://registry.npmjs.org/flatbuffers/-/flatbuffers-25.9.23.tgz",
      "integrity": "sha512-MI1qs7Lo4Syw0EOzUl0xjs2lsoeqFku44KpngfIduHBYvzm8h2+7K8YMQh1JtVVVrUvhLpNwqVi4DERegUJhPQ==",
      "license": "Apache-2.0"
    },
    "node_modules/immediate": {
      "version": "3.0.6",
      "resolved": "https://registry.npmjs.org/immediate/-/immediate-3.0.6.tgz",
      "integrity": "sha512-XXOFtyqDjNDAQxVfYxuF7g9Il/IbWmmlQg2MYKOH8ExIT1qg6xc4zyS3HaEEATgs1btfzxq15ciUiY7gjSXRGQ==",
      "license": "MIT"
    },
    "node_modules/inherits": {
      "version": "2.0.4",
      "resolved": "https://registry.npmjs.org/inherits/-/inherits-2.0.4.tgz",
      "integrity": "sha512-k/vGaX4/Yla3WzyMCvTQOXYeIHvqOKtnqBduzTHpzpQZzAskKMhZ2K+EnBiSM9zGSoIFeMpXKxa4dYeZIQqewQ==",
      "license": "ISC"
    },
    "node_modules/isarray": {
      "version": "1.0.0",
      "resolved": "https://registry.npmjs.org/isarray/-/isarray-1.0.0.tgz",
      "integrity": "sha512-VLghIWNM6ELQzo7zwmcg0NmTVyWKYjvIeM83yjp0wRDTmUnrM678fQbcKBo6n2CJEF0szoG//ytg+TKla89ALQ==",
      "license": "MIT"
    },
    "node_modules/json-with-bigint": {
      "version": "3.5.11",
      "resolved": "https://registry.npmjs.org/json-with-bigint/-/json-with-bigint-3.5.11.tgz",
      "integrity": "sha512-WvkM9Hfb9kqzCcbsvpwfWDvdfGZDhYuCoaCwHRe5q3LtULKkbrI/L6JYcN8owflgA3di5dP2yVAV2NVCXkgtkA==",
      "license": "MIT"
    },
    "node_modules/jszip": {
      "version": "3.10.1",
      "resolved": "https://registry.npmjs.org/jszip/-/jszip-3.10.1.tgz",
      "integrity": "sha512-xXDvecyTpGLrqFrvkrUSoxxfJI5AH7U8zxxtVclpsUtMCq4JQ290LY8AW5c7Ggnr/Y/oK+bQMbqK2qmtk3pN4g==",
      "license": "(MIT OR GPL-3.0-or-later)",
      "dependencies": {
        "lie": "~3.3.0",
        "pako": "~1.0.2",
        "readable-stream": "~2.3.6",
        "setimmediate": "^1.0.5"
      }
    },
    "node_modules/laz-perf": {
      "version": "0.0.7",
      "resolved": "https://registry.npmjs.org/laz-perf/-/laz-perf-0.0.7.tgz",
      "integrity": "sha512-2xRqm/f/2UqDS5qqkjOyDb6uVIjkVw6SGmQlMoTQliVWkZhPfIbUJTubUl3mTloaWqKcjlS/urmP1CYoxelsEg==",
      "license": "Apache-2.0"
    },
    "node_modules/lie": {
      "version": "3.3.0",
      "resolved": "https://registry.npmjs.org/lie/-/lie-3.3.0.tgz",
      "integrity": "sha512-UaiMJzeWRlEujzAuw5LokY1L5ecNQYZKfmyZ9L7wDHb/p5etKaxXhohBcrw0EYby+G/NA52vRSN4N39dxHAIwQ==",
      "license": "MIT",
      "dependencies": {
        "immediate": "~3.0.5"
      }
    },
    "node_modules/pako": {
      "version": "1.0.11",
      "resolved": "https://registry.npmjs.org/pako/-/pako-1.0.11.tgz",
      "integrity": "sha512-4hLB8Py4zZce5s4yd9XzopqwVv/yGNhV1Bl8NTmCq1763HeK2+EwVTv+leGeL13Dnh2wfbqowVPXCIO0z4taYw==",
      "license": "(MIT AND Zlib)"
    },
    "node_modules/parquet-wasm": {
      "version": "0.7.2",
      "resolved": "https://registry.npmjs.org/parquet-wasm/-/parquet-wasm-0.7.2.tgz",
      "integrity": "sha512-XfzVFW7REEYzt/MF5pG2fVjF0lyArXkk4x7m4wuE7R5OEoUfXq5wdI5DQi/UsB8wWW3ncx2z6xMjq5dM9qTYgg==",
      "license": "MIT OR Apache-2.0"
    },
    "node_modules/process-nextick-args": {
      "version": "2.0.1",
      "resolved": "https://registry.npmjs.org/process-nextick-args/-/process-nextick-args-2.0.1.tgz",
      "integrity": "sha512-3ouUOpQhtgrbOa17J7+uxOTpITYWaGP7/AhoR3+A+/1e9skrzelGi/dXzEYyvbxubEF6Wn2ypscTKiKJFFn1ag==",
      "license": "MIT"
    },
    "node_modules/readable-stream": {
      "version": "2.3.8",
      "resolved": "https://registry.npmjs.org/readable-stream/-/readable-stream-2.3.8.tgz",
      "integrity": "sha512-8p0AUk4XODgIewSi0l8Epjs+EVnWiK7NoDIEGU0HhE7+ZyY8D1IMY7odu5lRrFXGg71L15KG8QrPmum45RTtdA==",
      "license": "MIT",
      "dependencies": {
        "core-util-is": "~1.0.0",
        "inherits": "~2.0.3",
        "isarray": "~1.0.0",
        "process-nextick-args": "~2.0.0",
        "safe-buffer": "~5.1.1",
        "string_decoder": "~1.1.1",
        "util-deprecate": "~1.0.1"
      }
    },
    "node_modules/safe-buffer": {
      "version": "5.1.2",
      "resolved": "https://registry.npmjs.org/safe-buffer/-/safe-buffer-5.1.2.tgz",
      "integrity": "sha512-Gd2UZBJDkXlY7GbJxfsE8/nvKkUEU1G38c1siN6QP6a9PT9MmHB8GnpscSmMJSoF8LOIrt8ud/wPtojys4G6+g==",
      "license": "MIT"
    },
    "node_modules/setimmediate": {
      "version": "1.0.5",
      "resolved": "https://registry.npmjs.org/setimmediate/-/setimmediate-1.0.5.tgz",
      "integrity": "sha512-MATJdZp8sLqDl/68LfQmbP8zKPLQNV6BIZoIgrscFDQ+RsvK/BxeDQOgyxKKoh0y/8h3BqVFnCqQ/gd+reiIXA==",
      "license": "MIT"
    },
    "node_modules/string_decoder": {
      "version": "1.1.1",
      "resolved": "https://registry.npmjs.org/string_decoder/-/string_decoder-1.1.1.tgz",
      "integrity": "sha512-n/ShnvDi6FHbbVfviro+WojiFzv+s8MPMHBczVePfUpDJLwoLT0ht1l4YwBCbi8pJAveEEdnkHyPyTP/mzRfwg==",
      "license": "MIT",
      "dependencies": {
        "safe-buffer": "~5.1.0"
      }
    },
    "node_modules/tslib": {
      "version": "2.8.1",
      "resolved": "https://registry.npmjs.org/tslib/-/tslib-2.8.1.tgz",
      "integrity": "sha512-oJFu94HQb+KVduSUQL7wnpmqnfmLsOA/nAh6b6EH0wCEoK0/mPeXU6c3wKDV83MkOuHPRHtSXKKU99IBazS/2w==",
      "license": "0BSD"
    },
    "node_modules/undici-types": {
      "version": "7.24.6",
      "resolved": "https://registry.npmjs.org/undici-types/-/undici-types-7.24.6.tgz",
      "integrity": "sha512-WRNW+sJgj5OBN4/0JpHFqtqzhpbnV0GuB+OozA9gCL7a993SmU+1JBZCzLNxYsbMfIeDL+lTsphD5jN5N+n0zg==",
      "license": "MIT"
    },
    "node_modules/util-deprecate": {
      "version": "1.0.2",
      "resolved": "https://registry.npmjs.org/util-deprecate/-/util-deprecate-1.0.2.tgz",
      "integrity": "sha512-EPD5q1uXyFxJpCrLnCc1nHnq3gOa6DZBocAIiI2TaSCA7VCJ1UJDMagCzIkXNsUYfD1daK//LTEQ8xiIbrHtcw==",
      "license": "MIT"
    }
  }
}
